
Microsoft Visual Studio Solution File, Format Version 12.00
# Visual Studio 15
VisualStudioVersion = 15.0.28307.271
MinimumVisualStudioVersion = 10.0.40219.1
Project("{FAE04EC0-301F-11D3-BF4B-00C04F79EFBC}") = "AutomatedTellerMachine", "AutomatedTellerMachine\AutomatedTellerMachine.csproj", "{2AAE69A2-9891-43DC-A3FC-96D89A085BE5}"
EndProject
Project("{FAE04EC0-301F-11D3-BF4B-00C04F79EFBC}") = "AutomatedTellerMachine.Tests", "AutomatedTellerMachine.Tests\AutomatedTellerMachine.Tests.csproj", "{5AC5A587-7FA0-4206-B241-81901861CDBA}"
EndProject
Global
	GlobalSection(SolutionConfigurationPlatforms) = preSolution
		Debug|Any CPU = Debug|Any CPU
		Release|Any CPU = Release|Any CPU
	EndGlobalSection
	GlobalSection(ProjectConfigurationPlatforms) = postSolution
		{2AAE69A2-9891-43DC-A3FC-96D89A085BE5}.Debug|Any CPU.ActiveCfg = Debug|Any CPU
		{2AAE69A2-9891-43DC-A3FC-96D89A085BE5}.Debug|Any CPU.Build.0 = Debug|Any CPU
		{2AAE69A2-9891-43DC-A3FC-96D89A085BE5}.Release|Any CPU.ActiveCfg = Release|Any CPU
		{2AAE69A2-9891-43DC-A3FC-96D89A085BE5}.Release|Any CPU.Build.0 = Release|Any CPU
		{5AC5A587-7FA0-4206-B241-81901861CDBA}.Debug|Any CPU.ActiveCfg = Debug|Any CPU
		{5AC5A587-7FA0-4206-B241-81901861CDBA}.Debug|Any CPU.Build.0 = Debug|Any CPU
		{5AC5A587-7FA0-4206-B241-81901861CDBA}.Release|Any CPU.ActiveCfg = Release|Any CPU
		{5AC5A587-7FA0-4206-B241-81901861CDBA}.Release|Any CPU.Build.0 = Release|Any CPU
	EndGlobalSection
	GlobalSection(SolutionProperties) = preSolution
		HideSolutionNode = FALSE
	EndGlobalSection
	GlobalSection(ExtensibilityGlobals) = postSolution
		SolutionGuid = {55C339B1-97A6-4CA5-9F8B-2B09681C4E82}
	EndGlobalSection
EndGlobal
